
Microsoft Visual Studio Solution File, Format Version 12.00
# Visual Studio Version 17
VisualStudioVersion = 17.8.34330.188
MinimumVisualStudioVersion = 10.0.40219.1
Project("{FAE04EC0-301F-11D3-BF4B-00C04F79EFBC}") = "LHM_personalProject_2nd", "LHM_personalProject_2nd\LHM_personalProject_2nd.csproj", "{71FF28FA-2F1E-4D55-BAEC-2AE0A1914077}"
EndProject
Global
	GlobalSection(SolutionConfigurationPlatforms) = preSolution
		Debug|Any CPU = Debug|Any CPU
		Release|Any CPU = Release|Any CPU
	EndGlobalSection
	GlobalSection(ProjectConfigurationPlatforms) = postSolution
		{71FF28FA-2F1E-4D55-BAEC-2AE0A1914077}.Debug|Any CPU.ActiveCfg = Debug|Any CPU
		{71FF28FA-2F1E-4D55-BAEC-2AE0A1914077}.Debug|Any CPU.Build.0 = Debug|Any CPU
		{71FF28FA-2F1E-4D55-BAEC-2AE0A1914077}.Release|Any CPU.ActiveCfg = Release|Any CPU
		{71FF28FA-2F1E-4D55-BAEC-2AE0A1914077}.Release|Any CPU.Build.0 = Release|Any CPU
	EndGlobalSection
	GlobalSection(SolutionProperties) = preSolution
		HideSolutionNode = FALSE
	EndGlobalSection
	GlobalSection(ExtensibilityGlobals) = postSolution
		SolutionGuid = {D6BC4BAF-BCA4-4C46-B2BE-0BCFA103BC46}
	EndGlobalSection
EndGlobal
